{
  "version": 4,
  "terraform_version": "1.1.7",
  "serial": 105,
  "lineage": "a3d6fd00-de71-774d-b7e1-476479ae10a6",
  "outputs": {},
  "resources": [
    {
      "mode": "data",
      "type": "azurerm_public_ip",
      "name": "ip-servidorapache-data",
      "provider": "provider[\"registry.terraform.io/hashicorp/azurerm\"]",
      "instances": [
        {
          "schema_version": 0,
          "attributes": {
            "allocation_method": "Static",
            "domain_name_label": "",
            "fqdn": "",
            "id": "/subscriptions/b1bc8f8f-9965-44fc-8c3d-5acff0033420/resourceGroups/servidorapacheterra_victor/providers/Microsoft.Network/publicIPAddresses/publicip",
            "idle_timeout_in_minutes": 4,
            "ip_address": "20.226.29.180",
            "ip_tags": {},
            "ip_version": "IPv4",
            "location": "brazilsouth",
            "name": "publicip",
            "resource_group_name": "servidorapacheterra_victor",
            "reverse_fqdn": "",
            "sku": "Basic",
            "tags": {},
            "timeouts": null,
            "zones": []
          },
          "sensitive_attributes": []
        }
      ]
    },
    {
      "mode": "managed",
      "type": "azurerm_linux_virtual_machine",
      "name": "vm-servidorapache",
      "provider": "provider[\"registry.terraform.io/hashicorp/azurerm\"]",
      "instances": [
        {
          "schema_version": 0,
          "attributes": {
            "additional_capabilities": [],
            "admin_password": "V1cToRBeL0@!",
            "admin_ssh_key": [],
            "admin_username": "adminuser",
            "allow_extension_operations": true,
            "availability_set_id": "",
            "boot_diagnostics": [
              {
                "storage_account_uri": "https://saservidorapache.blob.core.windows.net/"
              }
            ],
            "computer_name": "vmservidorapache",
            "custom_data": null,
            "dedicated_host_group_id": "",
            "dedicated_host_id": "",
            "disable_password_authentication": false,
            "edge_zone": "",
            "encryption_at_host_enabled": false,
            "eviction_policy": "",
            "extensions_time_budget": "PT1H30M",
            "id": "/subscriptions/b1bc8f8f-9965-44fc-8c3d-5acff0033420/resourceGroups/servidorapacheterra_victor/providers/Microsoft.Compute/virtualMachines/vmservidorapache",
            "identity": [],
            "license_type": "",
            "location": "brazilsouth",
            "max_bid_price": -1,
            "name": "vmservidorapache",
            "network_interface_ids": [
              "/subscriptions/b1bc8f8f-9965-44fc-8c3d-5acff0033420/resourceGroups/servidorapacheterra_victor/providers/Microsoft.Network/networkInterfaces/nic"
            ],
            "os_disk": [
              {
                "caching": "ReadWrite",
                "diff_disk_settings": [],
                "disk_encryption_set_id": "",
                "disk_size_gb": 30,
                "name": "mydisk",
                "storage_account_type": "Premium_LRS",
                "write_accelerator_enabled": false
              }
            ],
            "patch_mode": "ImageDefault",
            "plan": [],
            "platform_fault_domain": -1,
            "priority": "Regular",
            "private_ip_address": "10.0.1.4",
            "private_ip_addresses": [
              "10.0.1.4"
            ],
            "provision_vm_agent": true,
            "proximity_placement_group_id": "",
            "public_ip_address": "20.226.29.180",
            "public_ip_addresses": [
              "20.226.29.180"
            ],
            "resource_group_name": "servidorapacheterra_victor",
            "secret": [],
            "secure_boot_enabled": false,
            "size": "Standard_E2bs_v5",
            "source_image_id": "",
            "source_image_reference": [
              {
                "offer": "UbuntuServer",
                "publisher": "Canonical",
                "sku": "16.04-LTS",
                "version": "latest"
              }
            ],
            "tags": null,
            "termination_notification": null,
            "timeouts": null,
            "user_data": "",
            "virtual_machine_id": "1b45d51e-cd32-48e8-b377-bc8eaf6db51b",
            "virtual_machine_scale_set_id": "",
            "vtpm_enabled": false,
            "zone": ""
          },
          "sensitive_attributes": [],
          "private": "eyJlMmJmYjczMC1lY2FhLTExZTYtOGY4OC0zNDM2M2JjN2M0YzAiOnsiY3JlYXRlIjoyNzAwMDAwMDAwMDAwLCJkZWxldGUiOjI3MDAwMDAwMDAwMDAsInJlYWQiOjMwMDAwMDAwMDAwMCwidXBkYXRlIjoyNzAwMDAwMDAwMDAwfX0=",
          "dependencies": [
            "azurerm_network_interface.nic-servidorapache",
            "azurerm_public_ip.ip-servidorapache",
            "azurerm_resource_group.rg-servidorapache",
            "azurerm_storage_account.sa-servidorapache",
            "azurerm_subnet.sub-servidorapache",
            "azurerm_virtual_network.vnet-servidorapache"
          ]
        }
      ]
    },
    {
      "mode": "managed",
      "type": "azurerm_network_interface",
      "name": "nic-servidorapache",
      "provider": "provider[\"registry.terraform.io/hashicorp/azurerm\"]",
      "instances": [
        {
          "schema_version": 0,
          "attributes": {
            "applied_dns_servers": [],
            "dns_servers": [],
            "edge_zone": "",
            "enable_accelerated_networking": false,
            "enable_ip_forwarding": false,
            "id": "/subscriptions/b1bc8f8f-9965-44fc-8c3d-5acff0033420/resourceGroups/servidorapacheterra_victor/providers/Microsoft.Network/networkInterfaces/nic",
            "internal_dns_name_label": "",
            "internal_domain_name_suffix": "uvnbpu43kfrejgz5regxmwzuma.nx.internal.cloudapp.net",
            "ip_configuration": [
              {
                "gateway_load_balancer_frontend_ip_configuration_id": "",
                "name": "nic-ip",
                "primary": true,
                "private_ip_address": "10.0.1.4",
                "private_ip_address_allocation": "Dynamic",
                "private_ip_address_version": "IPv4",
                "public_ip_address_id": "/subscriptions/b1bc8f8f-9965-44fc-8c3d-5acff0033420/resourceGroups/servidorapacheterra_victor/providers/Microsoft.Network/publicIPAddresses/publicip",
                "subnet_id": "/subscriptions/b1bc8f8f-9965-44fc-8c3d-5acff0033420/resourceGroups/servidorapacheterra_victor/providers/Microsoft.Network/virtualNetworks/vnet/subnets/subnet"
              }
            ],
            "location": "brazilsouth",
            "mac_address": "",
            "name": "nic",
            "private_ip_address": "10.0.1.4",
            "private_ip_addresses": [
              "10.0.1.4"
            ],
            "resource_group_name": "servidorapacheterra_victor",
            "tags": null,
            "timeouts": null,
            "virtual_machine_id": ""
          },
          "sensitive_attributes": [],
          "private": "eyJlMmJmYjczMC1lY2FhLTExZTYtOGY4OC0zNDM2M2JjN2M0YzAiOnsiY3JlYXRlIjoxODAwMDAwMDAwMDAwLCJkZWxldGUiOjE4MDAwMDAwMDAwMDAsInJlYWQiOjMwMDAwMDAwMDAwMCwidXBkYXRlIjoxODAwMDAwMDAwMDAwfX0=",
          "dependencies": [
            "azurerm_public_ip.ip-servidorapache",
            "azurerm_resource_group.rg-servidorapache",
            "azurerm_subnet.sub-servidorapache",
            "azurerm_virtual_network.vnet-servidorapache"
          ]
        }
      ]
    },
    {
      "mode": "managed",
      "type": "azurerm_network_interface_security_group_association",
      "name": "nic-nsg-servidorapache",
      "provider": "provider[\"registry.terraform.io/hashicorp/azurerm\"]",
      "instances": [
        {
          "schema_version": 0,
          "attributes": {
            "id": "/subscriptions/b1bc8f8f-9965-44fc-8c3d-5acff0033420/resourceGroups/servidorapacheterra_victor/providers/Microsoft.Network/networkInterfaces/nic|/subscriptions/b1bc8f8f-9965-44fc-8c3d-5acff0033420/resourceGroups/servidorapacheterra_victor/providers/Microsoft.Network/networkSecurityGroups/nsg",
            "network_interface_id": "/subscriptions/b1bc8f8f-9965-44fc-8c3d-5acff0033420/resourceGroups/servidorapacheterra_victor/providers/Microsoft.Network/networkInterfaces/nic",
            "network_security_group_id": "/subscriptions/b1bc8f8f-9965-44fc-8c3d-5acff0033420/resourceGroups/servidorapacheterra_victor/providers/Microsoft.Network/networkSecurityGroups/nsg",
            "timeouts": null
          },
          "sensitive_attributes": [],
          "private": "eyJlMmJmYjczMC1lY2FhLTExZTYtOGY4OC0zNDM2M2JjN2M0YzAiOnsiY3JlYXRlIjoxODAwMDAwMDAwMDAwLCJkZWxldGUiOjE4MDAwMDAwMDAwMDAsInJlYWQiOjMwMDAwMDAwMDAwMCwidXBkYXRlIjoxODAwMDAwMDAwMDAwfX0=",
          "dependencies": [
            "azurerm_network_interface.nic-servidorapache",
            "azurerm_network_security_group.nsg-servidorapache",
            "azurerm_public_ip.ip-servidorapache",
            "azurerm_resource_group.rg-servidorapache",
            "azurerm_subnet.sub-servidorapache",
            "azurerm_virtual_network.vnet-servidorapache"
          ]
        }
      ]
    },
    {
      "mode": "managed",
      "type": "azurerm_network_security_group",
      "name": "nsg-servidorapache",
      "provider": "provider[\"registry.terraform.io/hashicorp/azurerm\"]",
      "instances": [
        {
          "schema_version": 0,
          "attributes": {
            "id": "/subscriptions/b1bc8f8f-9965-44fc-8c3d-5acff0033420/resourceGroups/servidorapacheterra_victor/providers/Microsoft.Network/networkSecurityGroups/nsg",
            "location": "brazilsouth",
            "name": "nsg",
            "resource_group_name": "servidorapacheterra_victor",
            "security_rule": [
              {
                "access": "Allow",
                "description": "",
                "destination_address_prefix": "*",
                "destination_address_prefixes": [],
                "destination_application_security_group_ids": [],
                "destination_port_range": "22",
                "destination_port_ranges": [],
                "direction": "Inbound",
                "name": "SSH",
                "priority": 100,
                "protocol": "Tcp",
                "source_address_prefix": "*",
                "source_address_prefixes": [],
                "source_application_security_group_ids": [],
                "source_port_range": "*",
                "source_port_ranges": []
              },
              {
                "access": "Allow",
                "description": "",
                "destination_address_prefix": "*",
                "destination_address_prefixes": [],
                "destination_application_security_group_ids": [],
                "destination_port_range": "80",
                "destination_port_ranges": [],
                "direction": "Inbound",
                "name": "Web",
                "priority": 1001,
                "protocol": "Tcp",
                "source_address_prefix": "*",
                "source_address_prefixes": [],
                "source_application_security_group_ids": [],
                "source_port_range": "*",
                "source_port_ranges": []
              }
            ],
            "tags": null,
            "timeouts": null
          },
          "sensitive_attributes": [],
          "private": "eyJlMmJmYjczMC1lY2FhLTExZTYtOGY4OC0zNDM2M2JjN2M0YzAiOnsiY3JlYXRlIjoxODAwMDAwMDAwMDAwLCJkZWxldGUiOjE4MDAwMDAwMDAwMDAsInJlYWQiOjMwMDAwMDAwMDAwMCwidXBkYXRlIjoxODAwMDAwMDAwMDAwfX0=",
          "dependencies": [
            "azurerm_resource_group.rg-servidorapache"
          ]
        }
      ]
    },
    {
      "mode": "managed",
      "type": "azurerm_public_ip",
      "name": "ip-servidorapache",
      "provider": "provider[\"registry.terraform.io/hashicorp/azurerm\"]",
      "instances": [
        {
          "schema_version": 0,
          "attributes": {
            "allocation_method": "Static",
            "domain_name_label": null,
            "edge_zone": "",
            "fqdn": null,
            "id": "/subscriptions/b1bc8f8f-9965-44fc-8c3d-5acff0033420/resourceGroups/servidorapacheterra_victor/providers/Microsoft.Network/publicIPAddresses/publicip",
            "idle_timeout_in_minutes": 4,
            "ip_address": "20.226.29.180",
            "ip_tags": null,
            "ip_version": "IPv4",
            "location": "brazilsouth",
            "name": "publicip",
            "public_ip_prefix_id": null,
            "resource_group_name": "servidorapacheterra_victor",
            "reverse_fqdn": null,
            "sku": "Basic",
            "sku_tier": "Regional",
            "tags": null,
            "timeouts": null,
            "zones": null
          },
          "sensitive_attributes": [],
          "private": "eyJlMmJmYjczMC1lY2FhLTExZTYtOGY4OC0zNDM2M2JjN2M0YzAiOnsiY3JlYXRlIjoxODAwMDAwMDAwMDAwLCJkZWxldGUiOjE4MDAwMDAwMDAwMDAsInJlYWQiOjMwMDAwMDAwMDAwMCwidXBkYXRlIjoxODAwMDAwMDAwMDAwfX0=",
          "dependencies": [
            "azurerm_resource_group.rg-servidorapache"
          ]
        }
      ]
    },
    {
      "mode": "managed",
      "type": "azurerm_resource_group",
      "name": "rg-servidorapache",
      "provider": "provider[\"registry.terraform.io/hashicorp/azurerm\"]",
      "instances": [
        {
          "schema_version": 0,
          "attributes": {
            "id": "/subscriptions/b1bc8f8f-9965-44fc-8c3d-5acff0033420/resourceGroups/servidorapacheterra_victor",
            "location": "brazilsouth",
            "name": "servidorapacheterra_victor",
            "tags": null,
            "timeouts": null
          },
          "sensitive_attributes": [],
          "private": "eyJlMmJmYjczMC1lY2FhLTExZTYtOGY4OC0zNDM2M2JjN2M0YzAiOnsiY3JlYXRlIjo1NDAwMDAwMDAwMDAwLCJkZWxldGUiOjU0MDAwMDAwMDAwMDAsInJlYWQiOjMwMDAwMDAwMDAwMCwidXBkYXRlIjo1NDAwMDAwMDAwMDAwfX0="
        }
      ]
    },
    {
      "mode": "managed",
      "type": "azurerm_storage_account",
      "name": "sa-servidorapache",
      "provider": "provider[\"registry.terraform.io/hashicorp/azurerm\"]",
      "instances": [
        {
          "schema_version": 3,
          "attributes": {
            "access_tier": "Hot",
            "account_kind": "StorageV2",
            "account_replication_type": "LRS",
            "account_tier": "Standard",
            "allow_nested_items_to_be_public": true,
            "azure_files_authentication": [],
            "blob_properties": [
              {
                "change_feed_enabled": false,
                "container_delete_retention_policy": [],
                "cors_rule": [],
                "default_service_version": "",
                "delete_retention_policy": [],
                "last_access_time_enabled": false,
                "versioning_enabled": false
              }
            ],
            "custom_domain": [],
            "customer_managed_key": [],
            "edge_zone": "",
            "enable_https_traffic_only": true,
            "id": "/subscriptions/b1bc8f8f-9965-44fc-8c3d-5acff0033420/resourceGroups/servidorapacheterra_victor/providers/Microsoft.Storage/storageAccounts/saservidorapache",
            "identity": [],
            "infrastructure_encryption_enabled": false,
            "is_hns_enabled": false,
            "large_file_share_enabled": null,
            "location": "brazilsouth",
            "min_tls_version": "TLS1_2",
            "name": "saservidorapache",
            "network_rules": [
              {
                "bypass": [
                  "AzureServices"
                ],
                "default_action": "Allow",
                "ip_rules": [],
                "private_link_access": [],
                "virtual_network_subnet_ids": []
              }
            ],
            "nfsv3_enabled": false,
            "primary_access_key": "exoqRWmGugBXfoDpFNC0Qq4SLu/WNB+V/a7t4H1tfyKxTLWhxC+6i/cLg1x7+f1+19DRi1XyXq3bBh3V93gHyQ==",
            "primary_blob_connection_string": "DefaultEndpointsProtocol=https;BlobEndpoint=https://saservidorapache.blob.core.windows.net/;AccountName=saservidorapache;AccountKey=exoqRWmGugBXfoDpFNC0Qq4SLu/WNB+V/a7t4H1tfyKxTLWhxC+6i/cLg1x7+f1+19DRi1XyXq3bBh3V93gHyQ==",
            "primary_blob_endpoint": "https://saservidorapache.blob.core.windows.net/",
            "primary_blob_host": "saservidorapache.blob.core.windows.net",
            "primary_connection_string": "DefaultEndpointsProtocol=https;AccountName=saservidorapache;AccountKey=exoqRWmGugBXfoDpFNC0Qq4SLu/WNB+V/a7t4H1tfyKxTLWhxC+6i/cLg1x7+f1+19DRi1XyXq3bBh3V93gHyQ==;EndpointSuffix=core.windows.net",
            "primary_dfs_endpoint": "https://saservidorapache.dfs.core.windows.net/",
            "primary_dfs_host": "saservidorapache.dfs.core.windows.net",
            "primary_file_endpoint": "https://saservidorapache.file.core.windows.net/",
            "primary_file_host": "saservidorapache.file.core.windows.net",
            "primary_location": "brazilsouth",
            "primary_queue_endpoint": "https://saservidorapache.queue.core.windows.net/",
            "primary_queue_host": "saservidorapache.queue.core.windows.net",
            "primary_table_endpoint": "https://saservidorapache.table.core.windows.net/",
            "primary_table_host": "saservidorapache.table.core.windows.net",
            "primary_web_endpoint": "https://saservidorapache.z15.web.core.windows.net/",
            "primary_web_host": "saservidorapache.z15.web.core.windows.net",
            "queue_encryption_key_type": "Service",
            "queue_properties": [
              {
                "cors_rule": [],
                "hour_metrics": [
                  {
                    "enabled": true,
                    "include_apis": true,
                    "retention_policy_days": 7,
                    "version": "1.0"
                  }
                ],
                "logging": [
                  {
                    "delete": false,
                    "read": false,
                    "retention_policy_days": 0,
                    "version": "1.0",
                    "write": false
                  }
                ],
                "minute_metrics": [
                  {
                    "enabled": false,
                    "include_apis": false,
                    "retention_policy_days": 0,
                    "version": "1.0"
                  }
                ]
              }
            ],
            "resource_group_name": "servidorapacheterra_victor",
            "routing": [],
            "secondary_access_key": "LJ6serceot83oXK/pWHHOhnmRwWlld3ezPSJwjEWPDt+faUiCprgWsknmdesq/ZmfWiKYJBIQkohmV7NZJ2okw==",
            "secondary_blob_connection_string": "",
            "secondary_blob_endpoint": null,
            "secondary_blob_host": null,
            "secondary_connection_string": "DefaultEndpointsProtocol=https;AccountName=saservidorapache;AccountKey=LJ6serceot83oXK/pWHHOhnmRwWlld3ezPSJwjEWPDt+faUiCprgWsknmdesq/ZmfWiKYJBIQkohmV7NZJ2okw==;EndpointSuffix=core.windows.net",
            "secondary_dfs_endpoint": null,
            "secondary_dfs_host": null,
            "secondary_file_endpoint": null,
            "secondary_file_host": null,
            "secondary_location": "",
            "secondary_queue_endpoint": null,
            "secondary_queue_host": null,
            "secondary_table_endpoint": null,
            "secondary_table_host": null,
            "secondary_web_endpoint": null,
            "secondary_web_host": null,
            "share_properties": [
              {
                "cors_rule": [],
                "retention_policy": [
                  {
                    "days": 7
                  }
                ],
                "smb": []
              }
            ],
            "shared_access_key_enabled": true,
            "static_website": [],
            "table_encryption_key_type": "Service",
            "tags": null,
            "timeouts": null
          },
          "sensitive_attributes": [],
          "private": "eyJlMmJmYjczMC1lY2FhLTExZTYtOGY4OC0zNDM2M2JjN2M0YzAiOnsiY3JlYXRlIjozNjAwMDAwMDAwMDAwLCJkZWxldGUiOjM2MDAwMDAwMDAwMDAsInJlYWQiOjMwMDAwMDAwMDAwMCwidXBkYXRlIjozNjAwMDAwMDAwMDAwfSwic2NoZW1hX3ZlcnNpb24iOiIzIn0=",
          "dependencies": [
            "azurerm_resource_group.rg-servidorapache"
          ]
        }
      ]
    },
    {
      "mode": "managed",
      "type": "azurerm_subnet",
      "name": "sub-servidorapache",
      "provider": "provider[\"registry.terraform.io/hashicorp/azurerm\"]",
      "instances": [
        {
          "schema_version": 0,
          "attributes": {
            "address_prefixes": [
              "10.0.1.0/24"
            ],
            "delegation": [],
            "enforce_private_link_endpoint_network_policies": false,
            "enforce_private_link_service_network_policies": false,
            "id": "/subscriptions/b1bc8f8f-9965-44fc-8c3d-5acff0033420/resourceGroups/servidorapacheterra_victor/providers/Microsoft.Network/virtualNetworks/vnet/subnets/subnet",
            "name": "subnet",
            "resource_group_name": "servidorapacheterra_victor",
            "service_endpoint_policy_ids": null,
            "service_endpoints": null,
            "timeouts": null,
            "virtual_network_name": "vnet"
          },
          "sensitive_attributes": [],
          "private": "eyJlMmJmYjczMC1lY2FhLTExZTYtOGY4OC0zNDM2M2JjN2M0YzAiOnsiY3JlYXRlIjoxODAwMDAwMDAwMDAwLCJkZWxldGUiOjE4MDAwMDAwMDAwMDAsInJlYWQiOjMwMDAwMDAwMDAwMCwidXBkYXRlIjoxODAwMDAwMDAwMDAwfX0=",
          "dependencies": [
            "azurerm_resource_group.rg-servidorapache",
            "azurerm_virtual_network.vnet-servidorapache"
          ]
        }
      ]
    },
    {
      "mode": "managed",
      "type": "azurerm_virtual_network",
      "name": "vnet-servidorapache",
      "provider": "provider[\"registry.terraform.io/hashicorp/azurerm\"]",
      "instances": [
        {
          "schema_version": 0,
          "attributes": {
            "address_space": [
              "10.0.0.0/16"
            ],
            "bgp_community": "",
            "ddos_protection_plan": [],
            "dns_servers": [],
            "edge_zone": "",
            "flow_timeout_in_minutes": 0,
            "guid": "d3175aa5-51dd-4462-9b3f-890d765b3460",
            "id": "/subscriptions/b1bc8f8f-9965-44fc-8c3d-5acff0033420/resourceGroups/servidorapacheterra_victor/providers/Microsoft.Network/virtualNetworks/vnet",
            "location": "brazilsouth",
            "name": "vnet",
            "resource_group_name": "servidorapacheterra_victor",
            "subnet": [],
            "tags": {
              "atividade": "Servidor Apache 2"
            },
            "timeouts": null
          },
          "sensitive_attributes": [],
          "private": "eyJlMmJmYjczMC1lY2FhLTExZTYtOGY4OC0zNDM2M2JjN2M0YzAiOnsiY3JlYXRlIjoxODAwMDAwMDAwMDAwLCJkZWxldGUiOjE4MDAwMDAwMDAwMDAsInJlYWQiOjMwMDAwMDAwMDAwMCwidXBkYXRlIjoxODAwMDAwMDAwMDAwfX0=",
          "dependencies": [
            "azurerm_resource_group.rg-servidorapache"
          ]
        }
      ]
    },
    {
      "mode": "managed",
      "type": "null_resource",
      "name": "install-webserver",
      "provider": "provider[\"registry.terraform.io/hashicorp/null\"]",
      "instances": [
        {
          "schema_version": 0,
          "attributes": {
            "id": "1155782788913298698",
            "triggers": null
          },
          "sensitive_attributes": [],
          "private": "bnVsbA==",
          "dependencies": [
            "azurerm_linux_virtual_machine.vm-servidorapache",
            "azurerm_network_interface.nic-servidorapache",
            "azurerm_public_ip.ip-servidorapache",
            "azurerm_resource_group.rg-servidorapache",
            "azurerm_storage_account.sa-servidorapache",
            "azurerm_subnet.sub-servidorapache",
            "azurerm_virtual_network.vnet-servidorapache",
            "data.azurerm_public_ip.ip-servidorapache-data"
          ]
        }
      ]
    }
  ]
}
